
Microsoft Visual Studio Solution File, Format Version 11.00
# Visual C# Express 2010
Project("{FAE04EC0-301F-11D3-BF4B-00C04F79EFBC}") = "CCDmonoligne", "CCDmonoligne\CCDmonoligne.csproj", "{BDE6A7E6-57F6-4DAF-86DA-05927013A1DE}"
EndProject
Global
	GlobalSection(SolutionConfigurationPlatforms) = preSolution
		Debug|x86 = Debug|x86
		Release|x86 = Release|x86
	EndGlobalSection
	GlobalSection(ProjectConfigurationPlatforms) = postSolution
		{BDE6A7E6-57F6-4DAF-86DA-05927013A1DE}.Debug|x86.ActiveCfg = Debug|x86
		{BDE6A7E6-57F6-4DAF-86DA-05927013A1DE}.Debug|x86.Build.0 = Debug|x86
		{BDE6A7E6-57F6-4DAF-86DA-05927013A1DE}.Release|x86.ActiveCfg = Release|x86
		{BDE6A7E6-57F6-4DAF-86DA-05927013A1DE}.Release|x86.Build.0 = Release|x86
	EndGlobalSection
	GlobalSection(SolutionProperties) = preSolution
		HideSolutionNode = FALSE
	EndGlobalSection
EndGlobal
